// !$*UTF8*$!
{
	archiveVersion = 1;
	classes = {
	};
	objectVersion = 50;
	objects = {

/* Begin PBXBuildFile section */
		9B1D403C2535B2250067C123 /* AppDelegate.swift in Sources */ = {isa = PBXBuildFile; fileRef = 9B1D403B2535B2250067C123 /* AppDelegate.swift */; };
		9B1D403E2535B2250067C123 /* SceneDelegate.swift in Sources */ = {isa = PBXBuildFile; fileRef = 9B1D403D2535B2250067C123 /* SceneDelegate.swift */; };
		9B1D40402535B2250067C123 /* ContentView.swift in Sources */ = {isa = PBXBuildFile; fileRef = 9B1D403F2535B2250067C123 /* ContentView.swift */; };
		9B1D40422535B2260067C123 /* Assets.xcassets in Resources */ = {isa = PBXBuildFile; fileRef = 9B1D40412535B2260067C123 /* Assets.xcassets */; };
		9B1D40452535B2260067C123 /* Preview Assets.xcassets in Resources */ = {isa = PBXBuildFile; fileRef = 9B1D40442535B2260067C123 /* Preview Assets.xcassets */; };
		9B1D40482535B2260067C123 /* LaunchScreen.storyboard in Resources */ = {isa = PBXBuildFile; fileRef = 9B1D40462535B2260067C123 /* LaunchScreen.storyboard */; };
		9B1D40572535B23C0067C123 /* WidgetKit.framework in Frameworks */ = {isa = PBXBuildFile; fileRef = 9B1D40562535B23C0067C123 /* WidgetKit.framework */; };
		9B1D40592535B23C0067C123 /* SwiftUI.framework in Frameworks */ = {isa = PBXBuildFile; fileRef = 9B1D40582535B23C0067C123 /* SwiftUI.framework */; };
		9B1D405C2535B23C0067C123 /* Today.swift in Sources */ = {isa = PBXBuildFile; fileRef = 9B1D405B2535B23C0067C123 /* Today.swift */; };
		9B1D405F2535B23F0067C123 /* Assets.xcassets in Resources */ = {isa = PBXBuildFile; fileRef = 9B1D405E2535B23F0067C123 /* Assets.xcassets */; };
		9B1D40612535B23F0067C123 /* Today.intentdefinition in Sources */ = {isa = PBXBuildFile; fileRef = 9B1D405D2535B23C0067C123 /* Today.intentdefinition */; };
		9B1D40622535B23F0067C123 /* Today.intentdefinition in Sources */ = {isa = PBXBuildFile; fileRef = 9B1D405D2535B23C0067C123 /* Today.intentdefinition */; };
		9B1D40652535B23F0067C123 /* TodayExtension.appex in Embed App Extensions */ = {isa = PBXBuildFile; fileRef = 9B1D40542535B23C0067C123 /* TodayExtension.appex */; settings = {ATTRIBUTES = (RemoveHeadersOnCopy, ); }; };
		9B1D406F2535B4890067C123 /* TodayView.swift in Sources */ = {isa = PBXBuildFile; fileRef = 9B1D406E2535B4890067C123 /* TodayView.swift */; };
		9B1D40732535B51D0067C123 /* YZCircleView.swift in Sources */ = {isa = PBXBuildFile; fileRef = 9B1D40722535B51D0067C123 /* YZCircleView.swift */; };
		9B40918F253AEC5C0098DD30 /* TodayManager.swift in Sources */ = {isa = PBXBuildFile; fileRef = 9B409189253AEBBD0098DD30 /* TodayManager.swift */; };
/* End PBXBuildFile section */

/* Begin PBXContainerItemProxy section */
		9B1D40632535B23F0067C123 /* PBXContainerItemProxy */ = {
			isa = PBXContainerItemProxy;
			containerPortal = 9B1D40302535B2250067C123 /* Project object */;
			proxyType = 1;
			remoteGlobalIDString = 9B1D40532535B23C0067C123;
			remoteInfo = TodayExtension;
		};
/* End PBXContainerItemProxy section */

/* Begin PBXCopyFilesBuildPhase section */
		9B1D40692535B23F0067C123 /* Embed App Extensions */ = {
			isa = PBXCopyFilesBuildPhase;
			buildActionMask = 2147483647;
			dstPath = "";
			dstSubfolderSpec = 13;
			files = (
				9B1D40652535B23F0067C123 /* TodayExtension.appex in Embed App Extensions */,
			);
			name = "Embed App Extensions";
			runOnlyForDeploymentPostprocessing = 0;
		};
/* End PBXCopyFilesBuildPhase section */

/* Begin PBXFileReference section */
		9B1D40382535B2250067C123 /* CirclePrj.app */ = {isa = PBXFileReference; explicitFileType = wrapper.application; includeInIndex = 0; path = CirclePrj.app; sourceTree = BUILT_PRODUCTS_DIR; };
		9B1D403B2535B2250067C123 /* AppDelegate.swift */ = {isa = PBXFileReference; lastKnownFileType = sourcecode.swift; path = AppDelegate.swift; sourceTree = "<group>"; };
		9B1D403D2535B2250067C123 /* SceneDelegate.swift */ = {isa = PBXFileReference; lastKnownFileType = sourcecode.swift; path = SceneDelegate.swift; sourceTree = "<group>"; };
		9B1D403F2535B2250067C123 /* ContentView.swift */ = {isa = PBXFileReference; lastKnownFileType = sourcecode.swift; path = ContentView.swift; sourceTree = "<group>"; };
		9B1D40412535B2260067C123 /* Assets.xcassets */ = {isa = PBXFileReference; lastKnownFileType = folder.assetcatalog; path = Assets.xcassets; sourceTree = "<group>"; };
		9B1D40442535B2260067C123 /* Preview Assets.xcassets */ = {isa = PBXFileReference; lastKnownFileType = folder.assetcatalog; path = "Preview Assets.xcassets"; sourceTree = "<group>"; };
		9B1D40472535B2260067C123 /* Base */ = {isa = PBXFileReference; lastKnownFileType = file.storyboard; name = Base; path = Base.lproj/LaunchScreen.storyboard; sourceTree = "<group>"; };
		9B1D40492535B2260067C123 /* Info.plist */ = {isa = PBXFileReference; lastKnownFileType = text.plist.xml; path = Info.plist; sourceTree = "<group>"; };
		9B1D40542535B23C0067C123 /* TodayExtension.appex */ = {isa = PBXFileReference; explicitFileType = "wrapper.app-extension"; includeInIndex = 0; path = TodayExtension.appex; sourceTree = BUILT_PRODUCTS_DIR; };
		9B1D40562535B23C0067C123 /* WidgetKit.framework */ = {isa = PBXFileReference; lastKnownFileType = wrapper.framework; name = WidgetKit.framework; path = System/Library/Frameworks/WidgetKit.framework; sourceTree = SDKROOT; };
		9B1D40582535B23C0067C123 /* SwiftUI.framework */ = {isa = PBXFileReference; lastKnownFileType = wrapper.framework; name = SwiftUI.framework; path = System/Library/Frameworks/SwiftUI.framework; sourceTree = SDKROOT; };
		9B1D405B2535B23C0067C123 /* Today.swift */ = {isa = PBXFileReference; lastKnownFileType = sourcecode.swift; path = Today.swift; sourceTree = "<group>"; };
		9B1D405D2535B23C0067C123 /* Today.intentdefinition */ = {isa = PBXFileReference; lastKnownFileType = file.intentdefinition; path = Today.intentdefinition; sourceTree = "<group>"; };
		9B1D405E2535B23F0067C123 /* Assets.xcassets */ = {isa = PBXFileReference; lastKnownFileType = folder.assetcatalog; path = Assets.xcassets; sourceTree = "<group>"; };
		9B1D40602535B23F0067C123 /* Info.plist */ = {isa = PBXFileReference; lastKnownFileType = text.plist.xml; path = Info.plist; sourceTree = "<group>"; };
		9B1D406E2535B4890067C123 /* TodayView.swift */ = {isa = PBXFileReference; lastKnownFileType = sourcecode.swift; path = TodayView.swift; sourceTree = "<group>"; };
		9B1D40722535B51D0067C123 /* YZCircleView.swift */ = {isa = PBXFileReference; fileEncoding = 4; lastKnownFileType = sourcecode.swift; path = YZCircleView.swift; sourceTree = "<group>"; };
		9B409189253AEBBD0098DD30 /* TodayManager.swift */ = {isa = PBXFileReference; lastKnownFileType = sourcecode.swift; path = TodayManager.swift; sourceTree = "<group>"; };
/* End PBXFileReference section */

/* Begin PBXFrameworksBuildPhase section */
		9B1D40352535B2250067C123 /* Frameworks */ = {
			isa = PBXFrameworksBuildPhase;
			buildActionMask = 2147483647;
			files = (
			);
			runOnlyForDeploymentPostprocessing = 0;
		};
		9B1D40512535B23C0067C123 /* Frameworks */ = {
			isa = PBXFrameworksBuildPhase;
			buildActionMask = 2147483647;
			files = (
				9B1D40592535B23C0067C123 /* SwiftUI.framework in Frameworks */,
				9B1D40572535B23C0067C123 /* WidgetKit.framework in Frameworks */,
			);
			runOnlyForDeploymentPostprocessing = 0;
		};
/* End PBXFrameworksBuildPhase section */

/* Begin PBXGroup section */
		9B1D402F2535B2250067C123 = {
			isa = PBXGroup;
			children = (
				9B1D403A2535B2250067C123 /* CirclePrj */,
				9B1D405A2535B23C0067C123 /* Today */,
				9B1D40552535B23C0067C123 /* Frameworks */,
				9B1D40392535B2250067C123 /* Products */,
			);
			sourceTree = "<group>";
		};
		9B1D40392535B2250067C123 /* Products */ = {
			isa = PBXGroup;
			children = (
				9B1D40382535B2250067C123 /* CirclePrj.app */,
				9B1D40542535B23C0067C123 /* TodayExtension.appex */,
			);
			name = Products;
			sourceTree = "<group>";
		};
		9B1D403A2535B2250067C123 /* CirclePrj */ = {
			isa = PBXGroup;
			children = (
				9B1D403B2535B2250067C123 /* AppDelegate.swift */,
				9B1D403D2535B2250067C123 /* SceneDelegate.swift */,
				9B1D403F2535B2250067C123 /* ContentView.swift */,
				9B1D40412535B2260067C123 /* Assets.xcassets */,
				9B1D40462535B2260067C123 /* LaunchScreen.storyboard */,
				9B1D40492535B2260067C123 /* Info.plist */,
				9B1D40432535B2260067C123 /* Preview Content */,
			);
			path = CirclePrj;
			sourceTree = "<group>";
		};
		9B1D40432535B2260067C123 /* Preview Content */ = {
			isa = PBXGroup;
			children = (
				9B1D40442535B2260067C123 /* Preview Assets.xcassets */,
			);
			path = "Preview Content";
			sourceTree = "<group>";
		};
		9B1D40552535B23C0067C123 /* Frameworks */ = {
			isa = PBXGroup;
			children = (
				9B1D40562535B23C0067C123 /* WidgetKit.framework */,
				9B1D40582535B23C0067C123 /* SwiftUI.framework */,
			);
			name = Frameworks;
			sourceTree = "<group>";
		};
		9B1D405A2535B23C0067C123 /* Today */ = {
			isa = PBXGroup;
			children = (
				9B1D405B2535B23C0067C123 /* Today.swift */,
				9B409189253AEBBD0098DD30 /* TodayManager.swift */,
				9B1D406E2535B4890067C123 /* TodayView.swift */,
				9B1D40722535B51D0067C123 /* YZCircleView.swift */,
				9B1D405D2535B23C0067C123 /* Today.intentdefinition */,
				9B1D405E2535B23F0067C123 /* Assets.xcassets */,
				9B1D40602535B23F0067C123 /* Info.plist */,
			);
			path = Today;
			sourceTree = "<group>";
		};
/* End PBXGroup section */

/* Begin PBXNativeTarget section */
		9B1D40372535B2250067C123 /* CirclePrj */ = {
			isa = PBXNativeTarget;
			buildConfigurationList = 9B1D404C2535B2260067C123 /* Build configuration list for PBXNativeTarget "CirclePrj" */;
			buildPhases = (
				9B1D40342535B2250067C123 /* Sources */,
				9B1D40352535B2250067C123 /* Frameworks */,
				9B1D40362535B2250067C123 /* Resources */,
				9B1D40692535B23F0067C123 /* Embed App Extensions */,
			);
			buildRules = (
			);
			dependencies = (
				9B1D40642535B23F0067C123 /* PBXTargetDependency */,
			);
			name = CirclePrj;
			productName = CirclePrj;
			productReference = 9B1D40382535B2250067C123 /* CirclePrj.app */;
			productType = "com.apple.product-type.application";
		};
		9B1D40532535B23C0067C123 /* TodayExtension */ = {
			isa = PBXNativeTarget;
			buildConfigurationList = 9B1D40662535B23F0067C123 /* Build configuration list for PBXNativeTarget "TodayExtension" */;
			buildPhases = (
				9B1D40502535B23C0067C123 /* Sources */,
				9B1D40512535B23C0067C123 /* Frameworks */,
				9B1D40522535B23C0067C123 /* Resources */,
			);
			buildRules = (
			);
			dependencies = (
			);
			name = TodayExtension;
			productName = TodayExtension;
			productReference = 9B1D40542535B23C0067C123 /* TodayExtension.appex */;
			productType = "com.apple.product-type.app-extension";
		};
/* End PBXNativeTarget section */

/* Begin PBXProject section */
		9B1D40302535B2250067C123 /* Project object */ = {
			isa = PBXProject;
			attributes = {
				LastSwiftUpdateCheck = 1200;
				LastUpgradeCheck = 1200;
				TargetAttributes = {
					9B1D40372535B2250067C123 = {
						CreatedOnToolsVersion = 12.0.1;
					};
					9B1D40532535B23C0067C123 = {
						CreatedOnToolsVersion = 12.0.1;
					};
				};
			};
			buildConfigurationList = 9B1D40332535B2250067C123 /* Build configuration list for PBXProject "CirclePrj" */;
			compatibilityVersion = "Xcode 9.3";
			developmentRegion = en;
			hasScannedForEncodings = 0;
			knownRegions = (
				en,
				Base,
			);
			mainGroup = 9B1D402F2535B2250067C123;
			productRefGroup = 9B1D40392535B2250067C123 /* Products */;
			projectDirPath = "";
			projectRoot = "";
			targets = (
				9B1D40372535B2250067C123 /* CirclePrj */,
				9B1D40532535B23C0067C123 /* TodayExtension */,
			);
		};
/* End PBXProject section */

/* Begin PBXResourcesBuildPhase section */
		9B1D40362535B2250067C123 /* Resources */ = {
			isa = PBXResourcesBuildPhase;
			buildActionMask = 2147483647;
			files = (
				9B1D40482535B2260067C123 /* LaunchScreen.storyboard in Resources */,
				9B1D40452535B2260067C123 /* Preview Assets.xcassets in Resources */,
				9B1D40422535B2260067C123 /* Assets.xcassets in Resources */,
			);
			runOnlyForDeploymentPostprocessing = 0;
		};
		9B1D40522535B23C0067C123 /* Resources */ = {
			isa = PBXResourcesBuildPhase;
			buildActionMask = 2147483647;
			files = (
				9B1D405F2535B23F0067C123 /* Assets.xcassets in Resources */,
			);
			runOnlyForDeploymentPostprocessing = 0;
		};
/* End PBXResourcesBuildPhase section */

/* Begin PBXSourcesBuildPhase section */
		9B1D40342535B2250067C123 /* Sources */ = {
			isa = PBXSourcesBuildPhase;
			buildActionMask = 2147483647;
			files = (
				9B1D40622535B23F0067C123 /* Today.intentdefinition in Sources */,
				9B1D403C2535B2250067C123 /* AppDelegate.swift in Sources */,
				9B1D403E2535B2250067C123 /* SceneDelegate.swift in Sources */,
				9B1D40402535B2250067C123 /* ContentView.swift in Sources */,
			);
			runOnlyForDeploymentPostprocessing = 0;
		};
		9B1D40502535B23C0067C123 /* Sources */ = {
			isa = PBXSourcesBuildPhase;
			buildActionMask = 2147483647;
			files = (
				9B1D40612535B23F0067C123 /* Today.intentdefinition in Sources */,
				9B1D40732535B51D0067C123 /* YZCircleView.swift in Sources */,
				9B1D406F2535B4890067C123 /* TodayView.swift in Sources */,
				9B40918F253AEC5C0098DD30 /* TodayManager.swift in Sources */,
				9B1D405C2535B23C0067C123 /* Today.swift in Sources */,
			);
			runOnlyForDeploymentPostprocessing = 0;
		};
/* End PBXSourcesBuildPhase section */

/* Begin PBXTargetDependency section */
		9B1D40642535B23F0067C123 /* PBXTargetDependency */ = {
			isa = PBXTargetDependency;
			target = 9B1D40532535B23C0067C123 /* TodayExtension */;
			targetProxy = 9B1D40632535B23F0067C123 /* PBXContainerItemProxy */;
		};
/* End PBXTargetDependency section */

/* Begin PBXVariantGroup section */
		9B1D40462535B2260067C123 /* LaunchScreen.storyboard */ = {
			isa = PBXVariantGroup;
			children = (
				9B1D40472535B2260067C123 /* Base */,
			);
			name = LaunchScreen.storyboard;
			sourceTree = "<group>";
		};
/* End PBXVariantGroup section */

/* Begin XCBuildConfiguration section */
		9B1D404A2535B2260067C123 /* Debug */ = {
			isa = XCBuildConfiguration;
			buildSettings = {
				ALWAYS_SEARCH_USER_PATHS = NO;
				CLANG_ANALYZER_NONNULL = YES;
				CLANG_ANALYZER_NUMBER_OBJECT_CONVERSION = YES_AGGRESSIVE;
				CLANG_CXX_LANGUAGE_STANDARD = "gnu++14";
				CLANG_CXX_LIBRARY = "libc++";
				CLANG_ENABLE_MODULES = YES;
				CLANG_ENABLE_OBJC_ARC = YES;
				CLANG_ENABLE_OBJC_WEAK = YES;
				CLANG_WARN_BLOCK_CAPTURE_AUTORELEASING = YES;
				CLANG_WARN_BOOL_CONVERSION = YES;
				CLANG_WARN_COMMA = YES;
				CLANG_WARN_CONSTANT_CONVERSION = YES;
				CLANG_WARN_DEPRECATED_OBJC_IMPLEMENTATIONS = YES;
				CLANG_WARN_DIRECT_OBJC_ISA_USAGE = YES_ERROR;
				CLANG_WARN_DOCUMENTATION_COMMENTS = YES;
				CLANG_WARN_EMPTY_BODY = YES;
				CLANG_WARN_ENUM_CONVERSION = YES;
				CLANG_WARN_INFINITE_RECURSION = YES;
				CLANG_WARN_INT_CONVERSION = YES;
				CLANG_WARN_NON_LITERAL_NULL_CONVERSION = YES;
				CLANG_WARN_OBJC_IMPLICIT_RETAIN_SELF = YES;
				CLANG_WARN_OBJC_LITERAL_CONVERSION = YES;
				CLANG_WARN_OBJC_ROOT_CLASS = YES_ERROR;
				CLANG_WARN_QUOTED_INCLUDE_IN_FRAMEWORK_HEADER = YES;
				CLANG_WARN_RANGE_LOOP_ANALYSIS = YES;
				CLANG_WARN_STRICT_PROTOTYPES = YES;
				CLANG_WARN_SUSPICIOUS_MOVE = YES;
				CLANG_WARN_UNGUARDED_AVAILABILITY = YES_AGGRESSIVE;
				CLANG_WARN_UNREACHABLE_CODE = YES;
				CLANG_WARN__DUPLICATE_METHOD_MATCH = YES;
				COPY_PHASE_STRIP = NO;
				DEBUG_INFORMATION_FORMAT = dwarf;
				ENABLE_STRICT_OBJC_MSGSEND = YES;
				ENABLE_TESTABILITY = YES;
				GCC_C_LANGUAGE_STANDARD = gnu11;
				GCC_DYNAMIC_NO_PIC = NO;
				GCC_NO_COMMON_BLOCKS = YES;
				GCC_OPTIMIZATION_LEVEL = 0;
				GCC_PREPROCESSOR_DEFINITIONS = (
					"DEBUG=1",
					"$(inherited)",
				);
				GCC_WARN_64_TO_32_BIT_CONVERSION = YES;
				GCC_WARN_ABOUT_RETURN_TYPE = YES_ERROR;
				GCC_WARN_UNDECLARED_SELECTOR = YES;
				GCC_WARN_UNINITIALIZED_AUTOS = YES_AGGRESSIVE;
				GCC_WARN_UNUSED_FUNCTION = YES;
				GCC_WARN_UNUSED_VARIABLE = YES;
				IPHONEOS_DEPLOYMENT_TARGET = 14.0;
				MTL_ENABLE_DEBUG_INFO = INCLUDE_SOURCE;
				MTL_FAST_MATH = YES;
				ONLY_ACTIVE_ARCH = YES;
				SDKROOT = iphoneos;
				SWIFT_ACTIVE_COMPILATION_CONDITIONS = DEBUG;
				SWIFT_OPTIMIZATION_LEVEL = "-Onone";
			};
			name = Debug;
		};
		9B1D404B2535B2260067C123 /* Release */ = {
			isa = XCBuildConfiguration;
			buildSettings = {
				ALWAYS_SEARCH_USER_PATHS = NO;
				CLANG_ANALYZER_NONNULL = YES;
				CLANG_ANALYZER_NUMBER_OBJECT_CONVERSION = YES_AGGRESSIVE;
				CLANG_CXX_LANGUAGE_STANDARD = "gnu++14";
				CLANG_CXX_LIBRARY = "libc++";
				CLANG_ENABLE_MODULES = YES;
				CLANG_ENABLE_OBJC_ARC = YES;
				CLANG_ENABLE_OBJC_WEAK = YES;
				CLANG_WARN_BLOCK_CAPTURE_AUTORELEASING = YES;
				CLANG_WARN_BOOL_CONVERSION = YES;
				CLANG_WARN_COMMA = YES;
				CLANG_WARN_CONSTANT_CONVERSION = YES;
				CLANG_WARN_DEPRECATED_OBJC_IMPLEMENTATIONS = YES;
				CLANG_WARN_DIRECT_OBJC_ISA_USAGE = YES_ERROR;
				CLANG_WARN_DOCUMENTATION_COMMENTS = YES;
				CLANG_WARN_EMPTY_BODY = YES;
				CLANG_WARN_ENUM_CONVERSION = YES;
				CLANG_WARN_INFINITE_RECURSION = YES;
				CLANG_WARN_INT_CONVERSION = YES;
				CLANG_WARN_NON_LITERAL_NULL_CONVERSION = YES;
				CLANG_WARN_OBJC_IMPLICIT_RETAIN_SELF = YES;
				CLANG_WARN_OBJC_LITERAL_CONVERSION = YES;
				CLANG_WARN_OBJC_ROOT_CLASS = YES_ERROR;
				CLANG_WARN_QUOTED_INCLUDE_IN_FRAMEWORK_HEADER = YES;
				CLANG_WARN_RANGE_LOOP_ANALYSIS = YES;
				CLANG_WARN_STRICT_PROTOTYPES = YES;
				CLANG_WARN_SUSPICIOUS_MOVE = YES;
				CLANG_WARN_UNGUARDED_AVAILABILITY = YES_AGGRESSIVE;
				CLANG_WARN_UNREACHABLE_CODE = YES;
				CLANG_WARN__DUPLICATE_METHOD_MATCH = YES;
				COPY_PHASE_STRIP = NO;
				DEBUG_INFORMATION_FORMAT = "dwarf-with-dsym";
				ENABLE_NS_ASSERTIONS = NO;
				ENABLE_STRICT_OBJC_MSGSEND = YES;
				GCC_C_LANGUAGE_STANDARD = gnu11;
				GCC_NO_COMMON_BLOCKS = YES;
				GCC_WARN_64_TO_32_BIT_CONVERSION = YES;
				GCC_WARN_ABOUT_RETURN_TYPE = YES_ERROR;
				GCC_WARN_UNDECLARED_SELECTOR = YES;
				GCC_WARN_UNINITIALIZED_AUTOS = YES_AGGRESSIVE;
				GCC_WARN_UNUSED_FUNCTION = YES;
				GCC_WARN_UNUSED_VARIABLE = YES;
				IPHONEOS_DEPLOYMENT_TARGET = 14.0;
				MTL_ENABLE_DEBUG_INFO = NO;
				MTL_FAST_MATH = YES;
				SDKROOT = iphoneos;
				SWIFT_COMPILATION_MODE = wholemodule;
				SWIFT_OPTIMIZATION_LEVEL = "-O";
				VALIDATE_PRODUCT = YES;
			};
			name = Release;
		};
		9B1D404D2535B2260067C123 /* Debug */ = {
			isa = XCBuildConfiguration;
			buildSettings = {
				ALWAYS_EMBED_SWIFT_STANDARD_LIBRARIES = YES;
				ASSETCATALOG_COMPILER_APPICON_NAME = AppIcon;
				ASSETCATALOG_COMPILER_GLOBAL_ACCENT_COLOR_NAME = AccentColor;
				CODE_SIGN_STYLE = Automatic;
				DEVELOPMENT_ASSET_PATHS = "\"CirclePrj/Preview Content\"";
				ENABLE_PREVIEWS = YES;
				INFOPLIST_FILE = CirclePrj/Info.plist;
				LD_RUNPATH_SEARCH_PATHS = (
					"$(inherited)",
					"@executable_path/Frameworks",
				);
				PRODUCT_BUNDLE_IDENTIFIER = com.msb.CirclePrj;
				PRODUCT_NAME = "$(TARGET_NAME)";
				SWIFT_VERSION = 5.0;
				TARGETED_DEVICE_FAMILY = "1,2";
			};
			name = Debug;
		};
		9B1D404E2535B2260067C123 /* Release */ = {
			isa = XCBuildConfiguration;
			buildSettings = {
				ALWAYS_EMBED_SWIFT_STANDARD_LIBRARIES = YES;
				ASSETCATALOG_COMPILER_APPICON_NAME = AppIcon;
				ASSETCATALOG_COMPILER_GLOBAL_ACCENT_COLOR_NAME = AccentColor;
				CODE_SIGN_STYLE = Automatic;
				DEVELOPMENT_ASSET_PATHS = "\"CirclePrj/Preview Content\"";
				ENABLE_PREVIEWS = YES;
				INFOPLIST_FILE = CirclePrj/Info.plist;
				LD_RUNPATH_SEARCH_PATHS = (
					"$(inherited)",
					"@executable_path/Frameworks",
				);
				PRODUCT_BUNDLE_IDENTIFIER = com.msb.CirclePrj;
				PRODUCT_NAME = "$(TARGET_NAME)";
				SWIFT_VERSION = 5.0;
				TARGETED_DEVICE_FAMILY = "1,2";
			};
			name = Release;
		};
		9B1D40672535B23F0067C123 /* Debug */ = {
			isa = XCBuildConfiguration;
			buildSettings = {
				ASSETCATALOG_COMPILER_GLOBAL_ACCENT_COLOR_NAME = AccentColor;
				ASSETCATALOG_COMPILER_WIDGET_BACKGROUND_COLOR_NAME = WidgetBackground;
				CODE_SIGN_STYLE = Automatic;
				FRAMEWORK_SEARCH_PATHS = "$(SRCROOT)/library/YZDevice/framework$(EFFECTIVE_PLATFORM_NAME)";
				INFOPLIST_FILE = Today/Info.plist;
				LD_RUNPATH_SEARCH_PATHS = (
					"$(inherited)",
					"@executable_path/Frameworks",
					"@executable_path/../../Frameworks",
				);
				OTHER_LDFLAGS = (
					"-framework",
					YZIPhoneDevice,
				);
				PRODUCT_BUNDLE_IDENTIFIER = com.msb.CirclePrj.Today;
				PRODUCT_NAME = "$(TARGET_NAME)";
				SKIP_INSTALL = YES;
				SWIFT_VERSION = 5.0;
				TARGETED_DEVICE_FAMILY = "1,2";
			};
			name = Debug;
		};
		9B1D40682535B23F0067C123 /* Release */ = {
			isa = XCBuildConfiguration;
			buildSettings = {
				ASSETCATALOG_COMPILER_GLOBAL_ACCENT_COLOR_NAME = AccentColor;
				ASSETCATALOG_COMPILER_WIDGET_BACKGROUND_COLOR_NAME = WidgetBackground;
				CODE_SIGN_STYLE = Automatic;
				FRAMEWORK_SEARCH_PATHS = "$(SRCROOT)/library/YZDevice/framework$(EFFECTIVE_PLATFORM_NAME)";
				INFOPLIST_FILE = Today/Info.plist;
				LD_RUNPATH_SEARCH_PATHS = (
					"$(inherited)",
					"@executable_path/Frameworks",
					"@executable_path/../../Frameworks",
				);
				OTHER_LDFLAGS = (
					"-framework",
					YZIPhoneDevice,
				);
				PRODUCT_BUNDLE_IDENTIFIER = com.msb.CirclePrj.Today;
				PRODUCT_NAME = "$(TARGET_NAME)";
				SKIP_INSTALL = YES;
				SWIFT_VERSION = 5.0;
				TARGETED_DEVICE_FAMILY = "1,2";
			};
			name = Release;
		};
/* End XCBuildConfiguration section */

/* Begin XCConfigurationList section */
		9B1D40332535B2250067C123 /* Build configuration list for PBXProject "CirclePrj" */ = {
			isa = XCConfigurationList;
			buildConfigurations = (
				9B1D404A2535B2260067C123 /* Debug */,
				9B1D404B2535B2260067C123 /* Release */,
			);
			defaultConfigurationIsVisible = 0;
			defaultConfigurationName = Release;
		};
		9B1D404C2535B2260067C123 /* Build configuration list for PBXNativeTarget "CirclePrj" */ = {
			isa = XCConfigurationList;
			buildConfigurations = (
				9B1D404D2535B2260067C123 /* Debug */,
				9B1D404E2535B2260067C123 /* Release */,
			);
			defaultConfigurationIsVisible = 0;
			defaultConfigurationName = Release;
		};
		9B1D40662535B23F0067C123 /* Build configuration list for PBXNativeTarget "TodayExtension" */ = {
			isa = XCConfigurationList;
			buildConfigurations = (
				9B1D40672535B23F0067C123 /* Debug */,
				9B1D40682535B23F0067C123 /* Release */,
			);
			defaultConfigurationIsVisible = 0;
			defaultConfigurationName = Release;
		};
/* End XCConfigurationList section */
	};
	rootObject = 9B1D40302535B2250067C123 /* Project object */;
}
